
Microsoft Visual Studio Solution File, Format Version 12.00
# Visual Studio 2017
Project("{FAE04EC0-301F-11D3-BF4B-00C04F79EFBC}") = "King", "King.csproj", "{643A0AF3-EB3B-1B6A-BBAF-25F22C0A807A}"
EndProject
Project("{FAE04EC0-301F-11D3-BF4B-00C04F79EFBC}") = "King.Plugins", "King.Plugins.csproj", "{F13BD701-2192-F7AA-5702-AC416F70C393}"
EndProject
Project("{FAE04EC0-301F-11D3-BF4B-00C04F79EFBC}") = "King.Editor", "King.Editor.csproj", "{3581C3B3-BA2E-AA98-B8C2-C0A548F0FF40}"
EndProject
Global
	GlobalSection(SolutionConfigurationPlatforms) = preSolution
		Debug|Any CPU = Debug|Any CPU
		Release|Any CPU = Release|Any CPU
	EndGlobalSection
	GlobalSection(ProjectConfigurationPlatforms) = postSolution
		{643A0AF3-EB3B-1B6A-BBAF-25F22C0A807A}.Debug|Any CPU.ActiveCfg = Debug|Any CPU
		{643A0AF3-EB3B-1B6A-BBAF-25F22C0A807A}.Debug|Any CPU.Build.0 = Debug|Any CPU
		{643A0AF3-EB3B-1B6A-BBAF-25F22C0A807A}.Release|Any CPU.ActiveCfg = Release|Any CPU
		{643A0AF3-EB3B-1B6A-BBAF-25F22C0A807A}.Release|Any CPU.Build.0 = Release|Any CPU
		{F13BD701-2192-F7AA-5702-AC416F70C393}.Debug|Any CPU.ActiveCfg = Debug|Any CPU
		{F13BD701-2192-F7AA-5702-AC416F70C393}.Debug|Any CPU.Build.0 = Debug|Any CPU
		{F13BD701-2192-F7AA-5702-AC416F70C393}.Release|Any CPU.ActiveCfg = Release|Any CPU
		{F13BD701-2192-F7AA-5702-AC416F70C393}.Release|Any CPU.Build.0 = Release|Any CPU
		{3581C3B3-BA2E-AA98-B8C2-C0A548F0FF40}.Debug|Any CPU.ActiveCfg = Debug|Any CPU
		{3581C3B3-BA2E-AA98-B8C2-C0A548F0FF40}.Debug|Any CPU.Build.0 = Debug|Any CPU
		{3581C3B3-BA2E-AA98-B8C2-C0A548F0FF40}.Release|Any CPU.ActiveCfg = Release|Any CPU
		{3581C3B3-BA2E-AA98-B8C2-C0A548F0FF40}.Release|Any CPU.Build.0 = Release|Any CPU
	EndGlobalSection
	GlobalSection(SolutionProperties) = preSolution
		HideSolutionNode = FALSE
	EndGlobalSection
EndGlobal
